// !$*UTF8*$!
{
	archiveVersion = 1;
	classes = {
	};
	objectVersion = 77;
	objects = {

/* Begin PBXBuildFile section */
		977854AC5A242761B298FF9B /* libPods-ZARA.a in Frameworks */ = {isa = PBXBuildFile; fileRef = 0C82E9452A65139791CF1051 /* libPods-ZARA.a */; };
/* End PBXBuildFile section */

/* Begin PBXContainerItemProxy section */
		4C17A74A2DF04D9600F1D13E /* PBXContainerItemProxy */ = {
			isa = PBXContainerItemProxy;
			containerPortal = 4C17A7262DF04D9400F1D13E /* Project object */;
			proxyType = 1;
			remoteGlobalIDString = 4C17A72D2DF04D9400F1D13E;
			remoteInfo = ZARA;
		};
		4C17A7542DF04D9600F1D13E /* PBXContainerItemProxy */ = {
			isa = PBXContainerItemProxy;
			containerPortal = 4C17A7262DF04D9400F1D13E /* Project object */;
			proxyType = 1;
			remoteGlobalIDString = 4C17A72D2DF04D9400F1D13E;
			remoteInfo = ZARA;
		};
/* End PBXContainerItemProxy section */

/* Begin PBXFileReference section */
		0C82E9452A65139791CF1051 /* libPods-ZARA.a */ = {isa = PBXFileReference; explicitFileType = archive.ar; includeInIndex = 0; path = "libPods-ZARA.a"; sourceTree = BUILT_PRODUCTS_DIR; };
		4C17A72E2DF04D9400F1D13E /* ZARA.app */ = {isa = PBXFileReference; explicitFileType = wrapper.application; includeInIndex = 0; path = ZARA.app; sourceTree = BUILT_PRODUCTS_DIR; };
		4C17A7492DF04D9600F1D13E /* ZARATests.xctest */ = {isa = PBXFileReference; explicitFileType = wrapper.cfbundle; includeInIndex = 0; path = ZARATests.xctest; sourceTree = BUILT_PRODUCTS_DIR; };
		4C17A7532DF04D9600F1D13E /* ZARAUITests.xctest */ = {isa = PBXFileReference; explicitFileType = wrapper.cfbundle; includeInIndex = 0; path = ZARAUITests.xctest; sourceTree = BUILT_PRODUCTS_DIR; };
		8A9C69C72D0F8580079B8D6C /* Pods-ZARA.debug.xcconfig */ = {isa = PBXFileReference; includeInIndex = 1; lastKnownFileType = text.xcconfig; name = "Pods-ZARA.debug.xcconfig"; path = "Target Support Files/Pods-ZARA/Pods-ZARA.debug.xcconfig"; sourceTree = "<group>"; };
		E9BB6AAC5A08E924166BDAF4 /* Pods-ZARA.release.xcconfig */ = {isa = PBXFileReference; includeInIndex = 1; lastKnownFileType = text.xcconfig; name = "Pods-ZARA.release.xcconfig"; path = "Target Support Files/Pods-ZARA/Pods-ZARA.release.xcconfig"; sourceTree = "<group>"; };
/* End PBXFileReference section */

/* Begin PBXFileSystemSynchronizedBuildFileExceptionSet section */
		4C17A75B2DF04D9600F1D13E /* Exceptions for "ZARA" folder in "ZARA" target */ = {
			isa = PBXFileSystemSynchronizedBuildFileExceptionSet;
			membershipExceptions = (
				Info.plist,
			);
			target = 4C17A72D2DF04D9400F1D13E /* ZARA */;
		};
/* End PBXFileSystemSynchronizedBuildFileExceptionSet section */

/* Begin PBXFileSystemSynchronizedRootGroup section */
		4C17A7302DF04D9400F1D13E /* ZARA */ = {
			isa = PBXFileSystemSynchronizedRootGroup;
			exceptions = (
				4C17A75B2DF04D9600F1D13E /* Exceptions for "ZARA" folder in "ZARA" target */,
			);
			path = ZARA;
			sourceTree = "<group>";
		};
		4C17A74C2DF04D9600F1D13E /* ZARATests */ = {
			isa = PBXFileSystemSynchronizedRootGroup;
			path = ZARATests;
			sourceTree = "<group>";
		};
		4C17A7562DF04D9600F1D13E /* ZARAUITests */ = {
			isa = PBXFileSystemSynchronizedRootGroup;
			path = ZARAUITests;
			sourceTree = "<group>";
		};
/* End PBXFileSystemSynchronizedRootGroup section */

/* Begin PBXFrameworksBuildPhase section */
		4C17A72B2DF04D9400F1D13E /* Frameworks */ = {
			isa = PBXFrameworksBuildPhase;
			buildActionMask = 2147483647;
			files = (
				977854AC5A242761B298FF9B /* libPods-ZARA.a in Frameworks */,
			);
			runOnlyForDeploymentPostprocessing = 0;
		};
		4C17A7462DF04D9600F1D13E /* Frameworks */ = {
			isa = PBXFrameworksBuildPhase;
			buildActionMask = 2147483647;
			files = (
			);
			runOnlyForDeploymentPostprocessing = 0;
		};
		4C17A7502DF04D9600F1D13E /* Frameworks */ = {
			isa = PBXFrameworksBuildPhase;
			buildActionMask = 2147483647;
			files = (
			);
			runOnlyForDeploymentPostprocessing = 0;
		};
/* End PBXFrameworksBuildPhase section */

/* Begin PBXGroup section */
		4C17A7252DF04D9400F1D13E = {
			isa = PBXGroup;
			children = (
				4C17A7302DF04D9400F1D13E /* ZARA */,
				4C17A74C2DF04D9600F1D13E /* ZARATests */,
				4C17A7562DF04D9600F1D13E /* ZARAUITests */,
				4C17A72F2DF04D9400F1D13E /* Products */,
				81355FB3334E0BC4794D9197 /* Pods */,
				F6A8B360E2B0FBD97D38A0B9 /* Frameworks */,
			);
			sourceTree = "<group>";
		};
		4C17A72F2DF04D9400F1D13E /* Products */ = {
			isa = PBXGroup;
			children = (
				4C17A72E2DF04D9400F1D13E /* ZARA.app */,
				4C17A7492DF04D9600F1D13E /* ZARATests.xctest */,
				4C17A7532DF04D9600F1D13E /* ZARAUITests.xctest */,
			);
			name = Products;
			sourceTree = "<group>";
		};
		81355FB3334E0BC4794D9197 /* Pods */ = {
			isa = PBXGroup;
			children = (
				8A9C69C72D0F8580079B8D6C /* Pods-ZARA.debug.xcconfig */,
				E9BB6AAC5A08E924166BDAF4 /* Pods-ZARA.release.xcconfig */,
			);
			path = Pods;
			sourceTree = "<group>";
		};
		F6A8B360E2B0FBD97D38A0B9 /* Frameworks */ = {
			isa = PBXGroup;
			children = (
				0C82E9452A65139791CF1051 /* libPods-ZARA.a */,
			);
			name = Frameworks;
			sourceTree = "<group>";
		};
/* End PBXGroup section */

/* Begin PBXNativeTarget section */
		4C17A72D2DF04D9400F1D13E /* ZARA */ = {
			isa = PBXNativeTarget;
			buildConfigurationList = 4C17A75C2DF04D9600F1D13E /* Build configuration list for PBXNativeTarget "ZARA" */;
			buildPhases = (
				B31341B850DB3F372FAB806F /* [CP] Check Pods Manifest.lock */,
				4C17A72A2DF04D9400F1D13E /* Sources */,
				4C17A72B2DF04D9400F1D13E /* Frameworks */,
				4C17A72C2DF04D9400F1D13E /* Resources */,
			);
			buildRules = (
			);
			dependencies = (
			);
			fileSystemSynchronizedGroups = (
				4C17A7302DF04D9400F1D13E /* ZARA */,
			);
			name = ZARA;
			productName = ZARA;
			productReference = 4C17A72E2DF04D9400F1D13E /* ZARA.app */;
			productType = "com.apple.product-type.application";
		};
		4C17A7482DF04D9600F1D13E /* ZARATests */ = {
			isa = PBXNativeTarget;
			buildConfigurationList = 4C17A7612DF04D9600F1D13E /* Build configuration list for PBXNativeTarget "ZARATests" */;
			buildPhases = (
				4C17A7452DF04D9600F1D13E /* Sources */,
				4C17A7462DF04D9600F1D13E /* Frameworks */,
				4C17A7472DF04D9600F1D13E /* Resources */,
			);
			buildRules = (
			);
			dependencies = (
				4C17A74B2DF04D9600F1D13E /* PBXTargetDependency */,
			);
			fileSystemSynchronizedGroups = (
				4C17A74C2DF04D9600F1D13E /* ZARATests */,
			);
			name = ZARATests;
			productName = ZARATests;
			productReference = 4C17A7492DF04D9600F1D13E /* ZARATests.xctest */;
			productType = "com.apple.product-type.bundle.unit-test";
		};
		4C17A7522DF04D9600F1D13E /* ZARAUITests */ = {
			isa = PBXNativeTarget;
			buildConfigurationList = 4C17A7642DF04D9600F1D13E /* Build configuration list for PBXNativeTarget "ZARAUITests" */;
			buildPhases = (
				4C17A74F2DF04D9600F1D13E /* Sources */,
				4C17A7502DF04D9600F1D13E /* Frameworks */,
				4C17A7512DF04D9600F1D13E /* Resources */,
			);
			buildRules = (
			);
			dependencies = (
				4C17A7552DF04D9600F1D13E /* PBXTargetDependency */,
			);
			fileSystemSynchronizedGroups = (
				4C17A7562DF04D9600F1D13E /* ZARAUITests */,
			);
			name = ZARAUITests;
			productName = ZARAUITests;
			productReference = 4C17A7532DF04D9600F1D13E /* ZARAUITests.xctest */;
			productType = "com.apple.product-type.bundle.ui-testing";
		};
/* End PBXNativeTarget section */

/* Begin PBXProject section */
		4C17A7262DF04D9400F1D13E /* Project object */ = {
			isa = PBXProject;
			attributes = {
				BuildIndependentTargetsInParallel = 1;
				LastUpgradeCheck = 1630;
				TargetAttributes = {
					4C17A72D2DF04D9400F1D13E = {
						CreatedOnToolsVersion = 16.3;
					};
					4C17A7482DF04D9600F1D13E = {
						CreatedOnToolsVersion = 16.3;
						TestTargetID = 4C17A72D2DF04D9400F1D13E;
					};
					4C17A7522DF04D9600F1D13E = {
						CreatedOnToolsVersion = 16.3;
						TestTargetID = 4C17A72D2DF04D9400F1D13E;
					};
				};
			};
			buildConfigurationList = 4C17A7292DF04D9400F1D13E /* Build configuration list for PBXProject "ZARA" */;
			developmentRegion = en;
			hasScannedForEncodings = 0;
			knownRegions = (
				en,
				Base,
			);
			mainGroup = 4C17A7252DF04D9400F1D13E;
			minimizedProjectReferenceProxies = 1;
			preferredProjectObjectVersion = 77;
			productRefGroup = 4C17A72F2DF04D9400F1D13E /* Products */;
			projectDirPath = "";
			projectRoot = "";
			targets = (
				4C17A72D2DF04D9400F1D13E /* ZARA */,
				4C17A7482DF04D9600F1D13E /* ZARATests */,
				4C17A7522DF04D9600F1D13E /* ZARAUITests */,
			);
		};
/* End PBXProject section */

/* Begin PBXResourcesBuildPhase section */
		4C17A72C2DF04D9400F1D13E /* Resources */ = {
			isa = PBXResourcesBuildPhase;
			buildActionMask = 2147483647;
			files = (
			);
			runOnlyForDeploymentPostprocessing = 0;
		};
		4C17A7472DF04D9600F1D13E /* Resources */ = {
			isa = PBXResourcesBuildPhase;
			buildActionMask = 2147483647;
			files = (
			);
			runOnlyForDeploymentPostprocessing = 0;
		};
		4C17A7512DF04D9600F1D13E /* Resources */ = {
			isa = PBXResourcesBuildPhase;
			buildActionMask = 2147483647;
			files = (
			);
			runOnlyForDeploymentPostprocessing = 0;
		};
/* End PBXResourcesBuildPhase section */

/* Begin PBXShellScriptBuildPhase section */
		B31341B850DB3F372FAB806F /* [CP] Check Pods Manifest.lock */ = {
			isa = PBXShellScriptBuildPhase;
			buildActionMask = 2147483647;
			files = (
			);
			inputFileListPaths = (
			);
			inputPaths = (
				"${PODS_PODFILE_DIR_PATH}/Podfile.lock",
				"${PODS_ROOT}/Manifest.lock",
			);
			name = "[CP] Check Pods Manifest.lock";
			outputFileListPaths = (
			);
			outputPaths = (
				"$(DERIVED_FILE_DIR)/Pods-ZARA-checkManifestLockResult.txt",
			);
			runOnlyForDeploymentPostprocessing = 0;
			shellPath = /bin/sh;
			shellScript = "diff \"${PODS_PODFILE_DIR_PATH}/Podfile.lock\" \"${PODS_ROOT}/Manifest.lock\" > /dev/null\nif [ $? != 0 ] ; then\n    # print error to STDERR\n    echo \"error: The sandbox is not in sync with the Podfile.lock. Run 'pod install' or update your CocoaPods installation.\" >&2\n    exit 1\nfi\n# This output is used by Xcode 'outputs' to avoid re-running this script phase.\necho \"SUCCESS\" > \"${SCRIPT_OUTPUT_FILE_0}\"\n";
			showEnvVarsInLog = 0;
		};
/* End PBXShellScriptBuildPhase section */

/* Begin PBXSourcesBuildPhase section */
		4C17A72A2DF04D9400F1D13E /* Sources */ = {
			isa = PBXSourcesBuildPhase;
			buildActionMask = 2147483647;
			files = (
			);
			runOnlyForDeploymentPostprocessing = 0;
		};
		4C17A7452DF04D9600F1D13E /* Sources */ = {
			isa = PBXSourcesBuildPhase;
			buildActionMask = 2147483647;
			files = (
			);
			runOnlyForDeploymentPostprocessing = 0;
		};
		4C17A74F2DF04D9600F1D13E /* Sources */ = {
			isa = PBXSourcesBuildPhase;
			buildActionMask = 2147483647;
			files = (
			);
			runOnlyForDeploymentPostprocessing = 0;
		};
/* End PBXSourcesBuildPhase section */

/* Begin PBXTargetDependency section */
		4C17A74B2DF04D9600F1D13E /* PBXTargetDependency */ = {
			isa = PBXTargetDependency;
			target = 4C17A72D2DF04D9400F1D13E /* ZARA */;
			targetProxy = 4C17A74A2DF04D9600F1D13E /* PBXContainerItemProxy */;
		};
		4C17A7552DF04D9600F1D13E /* PBXTargetDependency */ = {
			isa = PBXTargetDependency;
			target = 4C17A72D2DF04D9400F1D13E /* ZARA */;
			targetProxy = 4C17A7542DF04D9600F1D13E /* PBXContainerItemProxy */;
		};
/* End PBXTargetDependency section */

/* Begin XCBuildConfiguration section */
		4C17A75D2DF04D9600F1D13E /* Debug */ = {
			isa = XCBuildConfiguration;
			baseConfigurationReference = 8A9C69C72D0F8580079B8D6C /* Pods-ZARA.debug.xcconfig */;
			buildSettings = {
				ASSETCATALOG_COMPILER_APPICON_NAME = AppIcon;
				ASSETCATALOG_COMPILER_GLOBAL_ACCENT_COLOR_NAME = AccentColor;
				ASSETCATALOG_COMPILER_INCLUDE_ALL_APPICON_ASSETS = YES;
				CODE_SIGN_STYLE = Automatic;
				CURRENT_PROJECT_VERSION = 1;
				DEVELOPMENT_TEAM = JASSJ2R9D6;
				GENERATE_INFOPLIST_FILE = YES;
				INFOPLIST_FILE = ZARA/Info.plist;
				INFOPLIST_KEY_UIApplicationSupportsIndirectInputEvents = YES;
				INFOPLIST_KEY_UILaunchStoryboardName = "Launch Screen.storyboard";
				INFOPLIST_KEY_UIMainStoryboardFile = Main;
				INFOPLIST_KEY_UISupportedInterfaceOrientations_iPad = "UIInterfaceOrientationPortrait UIInterfaceOrientationPortraitUpsideDown UIInterfaceOrientationLandscapeLeft UIInterfaceOrientationLandscapeRight";
				INFOPLIST_KEY_UISupportedInterfaceOrientations_iPhone = "UIInterfaceOrientationPortrait UIInterfaceOrientationLandscapeLeft UIInterfaceOrientationLandscapeRight";
				LD_RUNPATH_SEARCH_PATHS = (
					"$(inherited)",
					"@executable_path/Frameworks",
				);
				MARKETING_VERSION = 1.0;
				PRODUCT_BUNDLE_IDENTIFIER = "-1.ZARA";
				PRODUCT_NAME = "$(TARGET_NAME)";
				SWIFT_EMIT_LOC_STRINGS = YES;
				TARGETED_DEVICE_FAMILY = "1,2";
			};
			name = Debug;
		};
		4C17A75E2DF04D9600F1D13E /* Release */ = {
			isa = XCBuildConfiguration;
			baseConfigurationReference = E9BB6AAC5A08E924166BDAF4 /* Pods-ZARA.release.xcconfig */;
			buildSettings = {
				ASSETCATALOG_COMPILER_APPICON_NAME = AppIcon;
				ASSETCATALOG_COMPILER_GLOBAL_ACCENT_COLOR_NAME = AccentColor;
				ASSETCATALOG_COMPILER_INCLUDE_ALL_APPICON_ASSETS = YES;
				CODE_SIGN_STYLE = Automatic;
				CURRENT_PROJECT_VERSION = 1;
				DEVELOPMENT_TEAM = JASSJ2R9D6;
				GENERATE_INFOPLIST_FILE = YES;
				INFOPLIST_FILE = ZARA/Info.plist;
				INFOPLIST_KEY_UIApplicationSupportsIndirectInputEvents = YES;
				INFOPLIST_KEY_UILaunchStoryboardName = "Launch Screen.storyboard";
				INFOPLIST_KEY_UIMainStoryboardFile = Main;
				INFOPLIST_KEY_UISupportedInterfaceOrientations_iPad = "UIInterfaceOrientationPortrait UIInterfaceOrientationPortraitUpsideDown UIInterfaceOrientationLandscapeLeft UIInterfaceOrientationLandscapeRight";
				INFOPLIST_KEY_UISupportedInterfaceOrientations_iPhone = "UIInterfaceOrientationPortrait UIInterfaceOrientationLandscapeLeft UIInterfaceOrientationLandscapeRight";
				LD_RUNPATH_SEARCH_PATHS = (
					"$(inherited)",
					"@executable_path/Frameworks",
				);
				MARKETING_VERSION = 1.0;
				PRODUCT_BUNDLE_IDENTIFIER = "-1.ZARA";
				PRODUCT_NAME = "$(TARGET_NAME)";
				SWIFT_EMIT_LOC_STRINGS = YES;
				TARGETED_DEVICE_FAMILY = "1,2";
			};
			name = Release;
		};
		4C17A75F2DF04D9600F1D13E /* Debug */ = {
			isa = XCBuildConfiguration;
			buildSettings = {
				ALWAYS_SEARCH_USER_PATHS = NO;
				ASSETCATALOG_COMPILER_GENERATE_SWIFT_ASSET_SYMBOL_EXTENSIONS = YES;
				CLANG_ANALYZER_NONNULL = YES;
				CLANG_ANALYZER_NUMBER_OBJECT_CONVERSION = YES_AGGRESSIVE;
				CLANG_CXX_LANGUAGE_STANDARD = "gnu++20";
				CLANG_ENABLE_MODULES = YES;
				CLANG_ENABLE_OBJC_ARC = YES;
				CLANG_ENABLE_OBJC_WEAK = YES;
				CLANG_WARN_BLOCK_CAPTURE_AUTORELEASING = YES;
				CLANG_WARN_BOOL_CONVERSION = YES;
				CLANG_WARN_COMMA = YES;
				CLANG_WARN_CONSTANT_CONVERSION = YES;
				CLANG_WARN_DEPRECATED_OBJC_IMPLEMENTATIONS = YES;
				CLANG_WARN_DIRECT_OBJC_ISA_USAGE = YES_ERROR;
				CLANG_WARN_DOCUMENTATION_COMMENTS = YES;
				CLANG_WARN_EMPTY_BODY = YES;
				CLANG_WARN_ENUM_CONVERSION = YES;
				CLANG_WARN_INFINITE_RECURSION = YES;
				CLANG_WARN_INT_CONVERSION = YES;
				CLANG_WARN_NON_LITERAL_NULL_CONVERSION = YES;
				CLANG_WARN_OBJC_IMPLICIT_RETAIN_SELF = YES;
				CLANG_WARN_OBJC_LITERAL_CONVERSION = YES;
				CLANG_WARN_OBJC_ROOT_CLASS = YES_ERROR;
				CLANG_WARN_QUOTED_INCLUDE_IN_FRAMEWORK_HEADER = YES;
				CLANG_WARN_RANGE_LOOP_ANALYSIS = YES;
				CLANG_WARN_STRICT_PROTOTYPES = YES;
				CLANG_WARN_SUSPICIOUS_MOVE = YES;
				CLANG_WARN_UNGUARDED_AVAILABILITY = YES_AGGRESSIVE;
				CLANG_WARN_UNREACHABLE_CODE = YES;
				CLANG_WARN__DUPLICATE_METHOD_MATCH = YES;
				COPY_PHASE_STRIP = NO;
				DEBUG_INFORMATION_FORMAT = dwarf;
				DEVELOPMENT_TEAM = JASSJ2R9D6;
				ENABLE_STRICT_OBJC_MSGSEND = YES;
				ENABLE_TESTABILITY = YES;
				ENABLE_USER_SCRIPT_SANDBOXING = YES;
				GCC_C_LANGUAGE_STANDARD = gnu17;
				GCC_DYNAMIC_NO_PIC = NO;
				GCC_NO_COMMON_BLOCKS = YES;
				GCC_OPTIMIZATION_LEVEL = 0;
				GCC_PREPROCESSOR_DEFINITIONS = (
					"DEBUG=1",
					"$(inherited)",
				);
				GCC_WARN_64_TO_32_BIT_CONVERSION = YES;
				GCC_WARN_ABOUT_RETURN_TYPE = YES_ERROR;
				GCC_WARN_UNDECLARED_SELECTOR = YES;
				GCC_WARN_UNINITIALIZED_AUTOS = YES_AGGRESSIVE;
				GCC_WARN_UNUSED_FUNCTION = YES;
				GCC_WARN_UNUSED_VARIABLE = YES;
				IPHONEOS_DEPLOYMENT_TARGET = 18.4;
				LOCALIZATION_PREFERS_STRING_CATALOGS = YES;
				MTL_ENABLE_DEBUG_INFO = INCLUDE_SOURCE;
				MTL_FAST_MATH = YES;
				ONLY_ACTIVE_ARCH = YES;
				SDKROOT = iphoneos;
			};
			name = Debug;
		};
		4C17A7602DF04D9600F1D13E /* Release */ = {
			isa = XCBuildConfiguration;
			buildSettings = {
				ALWAYS_SEARCH_USER_PATHS = NO;
				ASSETCATALOG_COMPILER_GENERATE_SWIFT_ASSET_SYMBOL_EXTENSIONS = YES;
				CLANG_ANALYZER_NONNULL = YES;
				CLANG_ANALYZER_NUMBER_OBJECT_CONVERSION = YES_AGGRESSIVE;
				CLANG_CXX_LANGUAGE_STANDARD = "gnu++20";
				CLANG_ENABLE_MODULES = YES;
				CLANG_ENABLE_OBJC_ARC = YES;
				CLANG_ENABLE_OBJC_WEAK = YES;
				CLANG_WARN_BLOCK_CAPTURE_AUTORELEASING = YES;
				CLANG_WARN_BOOL_CONVERSION = YES;
				CLANG_WARN_COMMA = YES;
				CLANG_WARN_CONSTANT_CONVERSION = YES;
				CLANG_WARN_DEPRECATED_OBJC_IMPLEMENTATIONS = YES;
				CLANG_WARN_DIRECT_OBJC_ISA_USAGE = YES_ERROR;
				CLANG_WARN_DOCUMENTATION_COMMENTS = YES;
				CLANG_WARN_EMPTY_BODY = YES;
				CLANG_WARN_ENUM_CONVERSION = YES;
				CLANG_WARN_INFINITE_RECURSION = YES;
				CLANG_WARN_INT_CONVERSION = YES;
				CLANG_WARN_NON_LITERAL_NULL_CONVERSION = YES;
				CLANG_WARN_OBJC_IMPLICIT_RETAIN_SELF = YES;
				CLANG_WARN_OBJC_LITERAL_CONVERSION = YES;
				CLANG_WARN_OBJC_ROOT_CLASS = YES_ERROR;
				CLANG_WARN_QUOTED_INCLUDE_IN_FRAMEWORK_HEADER = YES;
				CLANG_WARN_RANGE_LOOP_ANALYSIS = YES;
				CLANG_WARN_STRICT_PROTOTYPES = YES;
				CLANG_WARN_SUSPICIOUS_MOVE = YES;
				CLANG_WARN_UNGUARDED_AVAILABILITY = YES_AGGRESSIVE;
				CLANG_WARN_UNREACHABLE_CODE = YES;
				CLANG_WARN__DUPLICATE_METHOD_MATCH = YES;
				COPY_PHASE_STRIP = NO;
				DEBUG_INFORMATION_FORMAT = "dwarf-with-dsym";
				DEVELOPMENT_TEAM = JASSJ2R9D6;
				ENABLE_NS_ASSERTIONS = NO;
				ENABLE_STRICT_OBJC_MSGSEND = YES;
				ENABLE_USER_SCRIPT_SANDBOXING = YES;
				GCC_C_LANGUAGE_STANDARD = gnu17;
				GCC_NO_COMMON_BLOCKS = YES;
				GCC_WARN_64_TO_32_BIT_CONVERSION = YES;
				GCC_WARN_ABOUT_RETURN_TYPE = YES_ERROR;
				GCC_WARN_UNDECLARED_SELECTOR = YES;
				GCC_WARN_UNINITIALIZED_AUTOS = YES_AGGRESSIVE;
				GCC_WARN_UNUSED_FUNCTION = YES;
				GCC_WARN_UNUSED_VARIABLE = YES;
				IPHONEOS_DEPLOYMENT_TARGET = 18.4;
				LOCALIZATION_PREFERS_STRING_CATALOGS = YES;
				MTL_ENABLE_DEBUG_INFO = NO;
				MTL_FAST_MATH = YES;
				SDKROOT = iphoneos;
				VALIDATE_PRODUCT = YES;
			};
			name = Release;
		};
		4C17A7622DF04D9600F1D13E /* Debug */ = {
			isa = XCBuildConfiguration;
			buildSettings = {
				BUNDLE_LOADER = "$(TEST_HOST)";
				CODE_SIGN_STYLE = Automatic;
				CURRENT_PROJECT_VERSION = 1;
				DEVELOPMENT_TEAM = JASSJ2R9D6;
				GENERATE_INFOPLIST_FILE = YES;
				IPHONEOS_DEPLOYMENT_TARGET = 18.4;
				MARKETING_VERSION = 1.0;
				PRODUCT_BUNDLE_IDENTIFIER = "-1.ZARATests";
				PRODUCT_NAME = "$(TARGET_NAME)";
				SWIFT_EMIT_LOC_STRINGS = NO;
				TARGETED_DEVICE_FAMILY = "1,2";
				TEST_HOST = "$(BUILT_PRODUCTS_DIR)/ZARA.app/$(BUNDLE_EXECUTABLE_FOLDER_PATH)/ZARA";
			};
			name = Debug;
		};
		4C17A7632DF04D9600F1D13E /* Release */ = {
			isa = XCBuildConfiguration;
			buildSettings = {
				BUNDLE_LOADER = "$(TEST_HOST)";
				CODE_SIGN_STYLE = Automatic;
				CURRENT_PROJECT_VERSION = 1;
				DEVELOPMENT_TEAM = JASSJ2R9D6;
				GENERATE_INFOPLIST_FILE = YES;
				IPHONEOS_DEPLOYMENT_TARGET = 18.4;
				MARKETING_VERSION = 1.0;
				PRODUCT_BUNDLE_IDENTIFIER = "-1.ZARATests";
				PRODUCT_NAME = "$(TARGET_NAME)";
				SWIFT_EMIT_LOC_STRINGS = NO;
				TARGETED_DEVICE_FAMILY = "1,2";
				TEST_HOST = "$(BUILT_PRODUCTS_DIR)/ZARA.app/$(BUNDLE_EXECUTABLE_FOLDER_PATH)/ZARA";
			};
			name = Release;
		};
		4C17A7652DF04D9600F1D13E /* Debug */ = {
			isa = XCBuildConfiguration;
			buildSettings = {
				CODE_SIGN_STYLE = Automatic;
				CURRENT_PROJECT_VERSION = 1;
				DEVELOPMENT_TEAM = JASSJ2R9D6;
				GENERATE_INFOPLIST_FILE = YES;
				MARKETING_VERSION = 1.0;
				PRODUCT_BUNDLE_IDENTIFIER = "-1.ZARAUITests";
				PRODUCT_NAME = "$(TARGET_NAME)";
				SWIFT_EMIT_LOC_STRINGS = NO;
				TARGETED_DEVICE_FAMILY = "1,2";
				TEST_TARGET_NAME = ZARA;
			};
			name = Debug;
		};
		4C17A7662DF04D9600F1D13E /* Release */ = {
			isa = XCBuildConfiguration;
			buildSettings = {
				CODE_SIGN_STYLE = Automatic;
				CURRENT_PROJECT_VERSION = 1;
				DEVELOPMENT_TEAM = JASSJ2R9D6;
				GENERATE_INFOPLIST_FILE = YES;
				MARKETING_VERSION = 1.0;
				PRODUCT_BUNDLE_IDENTIFIER = "-1.ZARAUITests";
				PRODUCT_NAME = "$(TARGET_NAME)";
				SWIFT_EMIT_LOC_STRINGS = NO;
				TARGETED_DEVICE_FAMILY = "1,2";
				TEST_TARGET_NAME = ZARA;
			};
			name = Release;
		};
/* End XCBuildConfiguration section */

/* Begin XCConfigurationList section */
		4C17A7292DF04D9400F1D13E /* Build configuration list for PBXProject "ZARA" */ = {
			isa = XCConfigurationList;
			buildConfigurations = (
				4C17A75F2DF04D9600F1D13E /* Debug */,
				4C17A7602DF04D9600F1D13E /* Release */,
			);
			defaultConfigurationIsVisible = 0;
			defaultConfigurationName = Release;
		};
		4C17A75C2DF04D9600F1D13E /* Build configuration list for PBXNativeTarget "ZARA" */ = {
			isa = XCConfigurationList;
			buildConfigurations = (
				4C17A75D2DF04D9600F1D13E /* Debug */,
				4C17A75E2DF04D9600F1D13E /* Release */,
			);
			defaultConfigurationIsVisible = 0;
			defaultConfigurationName = Release;
		};
		4C17A7612DF04D9600F1D13E /* Build configuration list for PBXNativeTarget "ZARATests" */ = {
			isa = XCConfigurationList;
			buildConfigurations = (
				4C17A7622DF04D9600F1D13E /* Debug */,
				4C17A7632DF04D9600F1D13E /* Release */,
			);
			defaultConfigurationIsVisible = 0;
			defaultConfigurationName = Release;
		};
		4C17A7642DF04D9600F1D13E /* Build configuration list for PBXNativeTarget "ZARAUITests" */ = {
			isa = XCConfigurationList;
			buildConfigurations = (
				4C17A7652DF04D9600F1D13E /* Debug */,
				4C17A7662DF04D9600F1D13E /* Release */,
			);
			defaultConfigurationIsVisible = 0;
			defaultConfigurationName = Release;
		};
/* End XCConfigurationList section */
	};
	rootObject = 4C17A7262DF04D9400F1D13E /* Project object */;
}
